// !$*UTF8*$!
{
	archiveVersion = 1;
	classes = {
	};
	objectVersion = 46;
	objects = {

/* Begin PBXBuildFile section */
		4D81D5C6194CC52E00810FAD /* main.swift in Sources */ = {isa = PBXBuildFile; fileRef = 4D81D5C5194CC52E00810FAD /* main.swift */; };
		4D81D5C8194CC52E00810FAD /* AppDelegate.swift in Sources */ = {isa = PBXBuildFile; fileRef = 4D81D5C7194CC52E00810FAD /* AppDelegate.swift */; };
		4D81D5CA194CC52E00810FAD /* Images.xcassets in Resources */ = {isa = PBXBuildFile; fileRef = 4D81D5C9194CC52E00810FAD /* Images.xcassets */; };
		4D81D5CD194CC52E00810FAD /* MainMenu.xib in Resources */ = {isa = PBXBuildFile; fileRef = 4D81D5CB194CC52E00810FAD /* MainMenu.xib */; };
		4D81D5D9194CC52E00810FAD /* AutosizingTextFieldSampleTests.swift in Sources */ = {isa = PBXBuildFile; fileRef = 4D81D5D8194CC52E00810FAD /* AutosizingTextFieldSampleTests.swift */; };
/* End PBXBuildFile section */

/* Begin PBXContainerItemProxy section */
		4D81D5D3194CC52E00810FAD /* PBXContainerItemProxy */ = {
			isa = PBXContainerItemProxy;
			containerPortal = 4D81D5B8194CC52E00810FAD /* Project object */;
			proxyType = 1;
			remoteGlobalIDString = 4D81D5BF194CC52E00810FAD;
			remoteInfo = AutosizingTextFieldSample;
		};
/* End PBXContainerItemProxy section */

/* Begin PBXFileReference section */
		4D81D5C0194CC52E00810FAD /* AutosizingTextFieldSample.app */ = {isa = PBXFileReference; explicitFileType = wrapper.application; includeInIndex = 0; path = AutosizingTextFieldSample.app; sourceTree = BUILT_PRODUCTS_DIR; };
		4D81D5C4194CC52E00810FAD /* Info.plist */ = {isa = PBXFileReference; lastKnownFileType = text.plist.xml; path = Info.plist; sourceTree = "<group>"; };
		4D81D5C5194CC52E00810FAD /* main.swift */ = {isa = PBXFileReference; lastKnownFileType = sourcecode.swift; path = main.swift; sourceTree = "<group>"; };
		4D81D5C7194CC52E00810FAD /* AppDelegate.swift */ = {isa = PBXFileReference; lastKnownFileType = sourcecode.swift; path = AppDelegate.swift; sourceTree = "<group>"; };
		4D81D5C9194CC52E00810FAD /* Images.xcassets */ = {isa = PBXFileReference; lastKnownFileType = folder.assetcatalog; path = Images.xcassets; sourceTree = "<group>"; };
		4D81D5CC194CC52E00810FAD /* Base */ = {isa = PBXFileReference; lastKnownFileType = file.xib; name = Base; path = Base.lproj/MainMenu.xib; sourceTree = "<group>"; };
		4D81D5D2194CC52E00810FAD /* AutosizingTextFieldSampleTests.xctest */ = {isa = PBXFileReference; explicitFileType = wrapper.cfbundle; includeInIndex = 0; path = AutosizingTextFieldSampleTests.xctest; sourceTree = BUILT_PRODUCTS_DIR; };
		4D81D5D7194CC52E00810FAD /* Info.plist */ = {isa = PBXFileReference; lastKnownFileType = text.plist.xml; path = Info.plist; sourceTree = "<group>"; };
		4D81D5D8194CC52E00810FAD /* AutosizingTextFieldSampleTests.swift */ = {isa = PBXFileReference; lastKnownFileType = sourcecode.swift; path = AutosizingTextFieldSampleTests.swift; sourceTree = "<group>"; };
/* End PBXFileReference section */

/* Begin PBXFrameworksBuildPhase section */
		4D81D5BD194CC52E00810FAD /* Frameworks */ = {
			isa = PBXFrameworksBuildPhase;
			buildActionMask = 2147483647;
			files = (
			);
			runOnlyForDeploymentPostprocessing = 0;
		};
		4D81D5CF194CC52E00810FAD /* Frameworks */ = {
			isa = PBXFrameworksBuildPhase;
			buildActionMask = 2147483647;
			files = (
			);
			runOnlyForDeploymentPostprocessing = 0;
		};
/* End PBXFrameworksBuildPhase section */

/* Begin PBXGroup section */
		4D81D5B7194CC52E00810FAD = {
			isa = PBXGroup;
			children = (
				4D81D5C2194CC52E00810FAD /* AutosizingTextFieldSample */,
				4D81D5D5194CC52E00810FAD /* AutosizingTextFieldSampleTests */,
				4D81D5C1194CC52E00810FAD /* Products */,
			);
			sourceTree = "<group>";
		};
		4D81D5C1194CC52E00810FAD /* Products */ = {
			isa = PBXGroup;
			children = (
				4D81D5C0194CC52E00810FAD /* AutosizingTextFieldSample.app */,
				4D81D5D2194CC52E00810FAD /* AutosizingTextFieldSampleTests.xctest */,
			);
			name = Products;
			sourceTree = "<group>";
		};
		4D81D5C2194CC52E00810FAD /* AutosizingTextFieldSample */ = {
			isa = PBXGroup;
			children = (
				4D81D5C7194CC52E00810FAD /* AppDelegate.swift */,
				4D81D5C9194CC52E00810FAD /* Images.xcassets */,
				4D81D5CB194CC52E00810FAD /* MainMenu.xib */,
				4D81D5C3194CC52E00810FAD /* Supporting Files */,
			);
			path = AutosizingTextFieldSample;
			sourceTree = "<group>";
		};
		4D81D5C3194CC52E00810FAD /* Supporting Files */ = {
			isa = PBXGroup;
			children = (
				4D81D5C4194CC52E00810FAD /* Info.plist */,
				4D81D5C5194CC52E00810FAD /* main.swift */,
			);
			name = "Supporting Files";
			sourceTree = "<group>";
		};
		4D81D5D5194CC52E00810FAD /* AutosizingTextFieldSampleTests */ = {
			isa = PBXGroup;
			children = (
				4D81D5D8194CC52E00810FAD /* AutosizingTextFieldSampleTests.swift */,
				4D81D5D6194CC52E00810FAD /* Supporting Files */,
			);
			path = AutosizingTextFieldSampleTests;
			sourceTree = "<group>";
		};
		4D81D5D6194CC52E00810FAD /* Supporting Files */ = {
			isa = PBXGroup;
			children = (
				4D81D5D7194CC52E00810FAD /* Info.plist */,
			);
			name = "Supporting Files";
			sourceTree = "<group>";
		};
/* End PBXGroup section */

/* Begin PBXNativeTarget section */
		4D81D5BF194CC52E00810FAD /* AutosizingTextFieldSample */ = {
			isa = PBXNativeTarget;
			buildConfigurationList = 4D81D5DC194CC52E00810FAD /* Build configuration list for PBXNativeTarget "AutosizingTextFieldSample" */;
			buildPhases = (
				4D81D5BC194CC52E00810FAD /* Sources */,
				4D81D5BD194CC52E00810FAD /* Frameworks */,
				4D81D5BE194CC52E00810FAD /* Resources */,
			);
			buildRules = (
			);
			dependencies = (
			);
			name = AutosizingTextFieldSample;
			productName = AutosizingTextFieldSample;
			productReference = 4D81D5C0194CC52E00810FAD /* AutosizingTextFieldSample.app */;
			productType = "com.apple.product-type.application";
		};
		4D81D5D1194CC52E00810FAD /* AutosizingTextFieldSampleTests */ = {
			isa = PBXNativeTarget;
			buildConfigurationList = 4D81D5DF194CC52E00810FAD /* Build configuration list for PBXNativeTarget "AutosizingTextFieldSampleTests" */;
			buildPhases = (
				4D81D5CE194CC52E00810FAD /* Sources */,
				4D81D5CF194CC52E00810FAD /* Frameworks */,
				4D81D5D0194CC52E00810FAD /* Resources */,
			);
			buildRules = (
			);
			dependencies = (
				4D81D5D4194CC52E00810FAD /* PBXTargetDependency */,
			);
			name = AutosizingTextFieldSampleTests;
			productName = AutosizingTextFieldSampleTests;
			productReference = 4D81D5D2194CC52E00810FAD /* AutosizingTextFieldSampleTests.xctest */;
			productType = "com.apple.product-type.bundle.unit-test";
		};
/* End PBXNativeTarget section */

/* Begin PBXProject section */
		4D81D5B8194CC52E00810FAD /* Project object */ = {
			isa = PBXProject;
			attributes = {
				LastUpgradeCheck = 0600;
				ORGANIZATIONNAME = "Mark Onyschuk";
				TargetAttributes = {
					4D81D5BF194CC52E00810FAD = {
						CreatedOnToolsVersion = 6.0;
					};
					4D81D5D1194CC52E00810FAD = {
						CreatedOnToolsVersion = 6.0;
						TestTargetID = 4D81D5BF194CC52E00810FAD;
					};
				};
			};
			buildConfigurationList = 4D81D5BB194CC52E00810FAD /* Build configuration list for PBXProject "AutosizingTextFieldSample" */;
			compatibilityVersion = "Xcode 3.2";
			developmentRegion = English;
			hasScannedForEncodings = 0;
			knownRegions = (
				en,
				Base,
			);
			mainGroup = 4D81D5B7194CC52E00810FAD;
			productRefGroup = 4D81D5C1194CC52E00810FAD /* Products */;
			projectDirPath = "";
			projectRoot = "";
			targets = (
				4D81D5BF194CC52E00810FAD /* AutosizingTextFieldSample */,
				4D81D5D1194CC52E00810FAD /* AutosizingTextFieldSampleTests */,
			);
		};
/* End PBXProject section */

/* Begin PBXResourcesBuildPhase section */
		4D81D5BE194CC52E00810FAD /* Resources */ = {
			isa = PBXResourcesBuildPhase;
			buildActionMask = 2147483647;
			files = (
				4D81D5CA194CC52E00810FAD /* Images.xcassets in Resources */,
				4D81D5CD194CC52E00810FAD /* MainMenu.xib in Resources */,
			);
			runOnlyForDeploymentPostprocessing = 0;
		};
		4D81D5D0194CC52E00810FAD /* Resources */ = {
			isa = PBXResourcesBuildPhase;
			buildActionMask = 2147483647;
			files = (
			);
			runOnlyForDeploymentPostprocessing = 0;
		};
/* End PBXResourcesBuildPhase section */

/* Begin PBXSourcesBuildPhase section */
		4D81D5BC194CC52E00810FAD /* Sources */ = {
			isa = PBXSourcesBuildPhase;
			buildActionMask = 2147483647;
			files = (
				4D81D5C8194CC52E00810FAD /* AppDelegate.swift in Sources */,
				4D81D5C6194CC52E00810FAD /* main.swift in Sources */,
			);
			runOnlyForDeploymentPostprocessing = 0;
		};
		4D81D5CE194CC52E00810FAD /* Sources */ = {
			isa = PBXSourcesBuildPhase;
			buildActionMask = 2147483647;
			files = (
				4D81D5D9194CC52E00810FAD /* AutosizingTextFieldSampleTests.swift in Sources */,
			);
			runOnlyForDeploymentPostprocessing = 0;
		};
/* End PBXSourcesBuildPhase section */

/* Begin PBXTargetDependency section */
		4D81D5D4194CC52E00810FAD /* PBXTargetDependency */ = {
			isa = PBXTargetDependency;
			target = 4D81D5BF194CC52E00810FAD /* AutosizingTextFieldSample */;
			targetProxy = 4D81D5D3194CC52E00810FAD /* PBXContainerItemProxy */;
		};
/* End PBXTargetDependency section */

/* Begin PBXVariantGroup section */
		4D81D5CB194CC52E00810FAD /* MainMenu.xib */ = {
			isa = PBXVariantGroup;
			children = (
				4D81D5CC194CC52E00810FAD /* Base */,
			);
			name = MainMenu.xib;
			sourceTree = "<group>";
		};
/* End PBXVariantGroup section */

/* Begin XCBuildConfiguration section */
		4D81D5DA194CC52E00810FAD /* Debug */ = {
			isa = XCBuildConfiguration;
			buildSettings = {
				ALWAYS_SEARCH_USER_PATHS = NO;
				CLANG_CXX_LANGUAGE_STANDARD = "gnu++0x";
				CLANG_CXX_LIBRARY = "libc++";
				CLANG_ENABLE_MODULES = YES;
				CLANG_ENABLE_OBJC_ARC = YES;
				CLANG_WARN_BOOL_CONVERSION = YES;
				CLANG_WARN_CONSTANT_CONVERSION = YES;
				CLANG_WARN_DIRECT_OBJC_ISA_USAGE = YES_ERROR;
				CLANG_WARN_EMPTY_BODY = YES;
				CLANG_WARN_ENUM_CONVERSION = YES;
				CLANG_WARN_INT_CONVERSION = YES;
				CLANG_WARN_OBJC_ROOT_CLASS = YES_ERROR;
				CLANG_WARN_UNREACHABLE_CODE = YES;
				CLANG_WARN__DUPLICATE_METHOD_MATCH = YES;
				CODE_SIGN_IDENTITY = "-";
				COPY_PHASE_STRIP = NO;
				ENABLE_STRICT_OBJC_MSGSEND = YES;
				GCC_C_LANGUAGE_STANDARD = gnu99;
				GCC_DYNAMIC_NO_PIC = NO;
				GCC_OPTIMIZATION_LEVEL = 0;
				GCC_PREPROCESSOR_DEFINITIONS = (
					"DEBUG=1",
					"$(inherited)",
				);
				GCC_SYMBOLS_PRIVATE_EXTERN = NO;
				GCC_WARN_64_TO_32_BIT_CONVERSION = YES;
				GCC_WARN_ABOUT_RETURN_TYPE = YES_ERROR;
				GCC_WARN_UNDECLARED_SELECTOR = YES;
				GCC_WARN_UNINITIALIZED_AUTOS = YES_AGGRESSIVE;
				GCC_WARN_UNUSED_FUNCTION = YES;
				GCC_WARN_UNUSED_VARIABLE = YES;
				MACOSX_DEPLOYMENT_TARGET = 10.10;
				METAL_ENABLE_DEBUG_INFO = YES;
				ONLY_ACTIVE_ARCH = YES;
				SDKROOT = macosx;
				SWIFT_OPTIMIZATION_LEVEL = "-Onone";
			};
			name = Debug;
		};
		4D81D5DB194CC52E00810FAD /* Release */ = {
			isa = XCBuildConfiguration;
			buildSettings = {
				ALWAYS_SEARCH_USER_PATHS = NO;
				CLANG_CXX_LANGUAGE_STANDARD = "gnu++0x";
				CLANG_CXX_LIBRARY = "libc++";
				CLANG_ENABLE_MODULES = YES;
				CLANG_ENABLE_OBJC_ARC = YES;
				CLANG_WARN_BOOL_CONVERSION = YES;
				CLANG_WARN_CONSTANT_CONVERSION = YES;
				CLANG_WARN_DIRECT_OBJC_ISA_USAGE = YES_ERROR;
				CLANG_WARN_EMPTY_BODY = YES;
				CLANG_WARN_ENUM_CONVERSION = YES;
				CLANG_WARN_INT_CONVERSION = YES;
				CLANG_WARN_OBJC_ROOT_CLASS = YES_ERROR;
				CLANG_WARN_UNREACHABLE_CODE = YES;
				CLANG_WARN__DUPLICATE_METHOD_MATCH = YES;
				CODE_SIGN_IDENTITY = "-";
				COPY_PHASE_STRIP = YES;
				DEBUG_INFORMATION_FORMAT = "dwarf-with-dsym";
				ENABLE_NS_ASSERTIONS = NO;
				ENABLE_STRICT_OBJC_MSGSEND = YES;
				GCC_C_LANGUAGE_STANDARD = gnu99;
				GCC_WARN_64_TO_32_BIT_CONVERSION = YES;
				GCC_WARN_ABOUT_RETURN_TYPE = YES_ERROR;
				GCC_WARN_UNDECLARED_SELECTOR = YES;
				GCC_WARN_UNINITIALIZED_AUTOS = YES_AGGRESSIVE;
				GCC_WARN_UNUSED_FUNCTION = YES;
				GCC_WARN_UNUSED_VARIABLE = YES;
				MACOSX_DEPLOYMENT_TARGET = 10.10;
				METAL_ENABLE_DEBUG_INFO = NO;
				SDKROOT = macosx;
			};
			name = Release;
		};
		4D81D5DD194CC52E00810FAD /* Debug */ = {
			isa = XCBuildConfiguration;
			buildSettings = {
				ASSETCATALOG_COMPILER_APPICON_NAME = AppIcon;
				COMBINE_HIDPI_IMAGES = YES;
				INFOPLIST_FILE = AutosizingTextFieldSample/Info.plist;
				LD_RUNPATH_SEARCH_PATHS = "$(inherited) @executable_path/../Frameworks";
				PRODUCT_NAME = "$(TARGET_NAME)";
			};
			name = Debug;
		};
		4D81D5DE194CC52E00810FAD /* Release */ = {
			isa = XCBuildConfiguration;
			buildSettings = {
				ASSETCATALOG_COMPILER_APPICON_NAME = AppIcon;
				COMBINE_HIDPI_IMAGES = YES;
				INFOPLIST_FILE = AutosizingTextFieldSample/Info.plist;
				LD_RUNPATH_SEARCH_PATHS = "$(inherited) @executable_path/../Frameworks";
				PRODUCT_NAME = "$(TARGET_NAME)";
			};
			name = Release;
		};
		4D81D5E0194CC52E00810FAD /* Debug */ = {
			isa = XCBuildConfiguration;
			buildSettings = {
				BUNDLE_LOADER = "$(BUILT_PRODUCTS_DIR)/AutosizingTextFieldSample.app/Contents/MacOS/AutosizingTextFieldSample";
				COMBINE_HIDPI_IMAGES = YES;
				FRAMEWORK_SEARCH_PATHS = (
					"$(DEVELOPER_FRAMEWORKS_DIR)",
					"$(inherited)",
				);
				GCC_PREPROCESSOR_DEFINITIONS = (
					"DEBUG=1",
					"$(inherited)",
				);
				INFOPLIST_FILE = AutosizingTextFieldSampleTests/Info.plist;
				LD_RUNPATH_SEARCH_PATHS = "$(inherited) @executable_path/../Frameworks @loader_path/../Frameworks";
				METAL_ENABLE_DEBUG_INFO = YES;
				PRODUCT_NAME = "$(TARGET_NAME)";
				TEST_HOST = "$(BUNDLE_LOADER)";
			};
			name = Debug;
		};
		4D81D5E1194CC52E00810FAD /* Release */ = {
			isa = XCBuildConfiguration;
			buildSettings = {
				BUNDLE_LOADER = "$(BUILT_PRODUCTS_DIR)/AutosizingTextFieldSample.app/Contents/MacOS/AutosizingTextFieldSample";
				COMBINE_HIDPI_IMAGES = YES;
				FRAMEWORK_SEARCH_PATHS = (
					"$(DEVELOPER_FRAMEWORKS_DIR)",
					"$(inherited)",
				);
				INFOPLIST_FILE = AutosizingTextFieldSampleTests/Info.plist;
				LD_RUNPATH_SEARCH_PATHS = "$(inherited) @executable_path/../Frameworks @loader_path/../Frameworks";
				METAL_ENABLE_DEBUG_INFO = NO;
				PRODUCT_NAME = "$(TARGET_NAME)";
				TEST_HOST = "$(BUNDLE_LOADER)";
			};
			name = Release;
		};
/* End XCBuildConfiguration section */

/* Begin XCConfigurationList section */
		4D81D5BB194CC52E00810FAD /* Build configuration list for PBXProject "AutosizingTextFieldSample" */ = {
			isa = XCConfigurationList;
			buildConfigurations = (
				4D81D5DA194CC52E00810FAD /* Debug */,
				4D81D5DB194CC52E00810FAD /* Release */,
			);
			defaultConfigurationIsVisible = 0;
			defaultConfigurationName = Release;
		};
		4D81D5DC194CC52E00810FAD /* Build configuration list for PBXNativeTarget "AutosizingTextFieldSample" */ = {
			isa = XCConfigurationList;
			buildConfigurations = (
				4D81D5DD194CC52E00810FAD /* Debug */,
				4D81D5DE194CC52E00810FAD /* Release */,
			);
			defaultConfigurationIsVisible = 0;
		};
		4D81D5DF194CC52E00810FAD /* Build configuration list for PBXNativeTarget "AutosizingTextFieldSampleTests" */ = {
			isa = XCConfigurationList;
			buildConfigurations = (
				4D81D5E0194CC52E00810FAD /* Debug */,
				4D81D5E1194CC52E00810FAD /* Release */,
			);
			defaultConfigurationIsVisible = 0;
		};
/* End XCConfigurationList section */
	};
	rootObject = 4D81D5B8194CC52E00810FAD /* Project object */;
}
